<?xml version="1.0" encoding="UTF-8"?>
<!DOCTYPE plist PUBLIC "-//Apple//DTD PLIST 1.0//EN" "http://www.apple.com/DTDs/PropertyList-1.0.dtd">
<plist version="1.0">
<dict>
	<key>archiveVersion</key>
	<string>1</string>
	<key>classes</key>
	<dict/>
	<key>objectVersion</key>
	<string>46</string>
	<key>objects</key>
	<dict>
		<key>7BFCC4C89E834641BF5F68BF</key>
		<dict>
			<key>fileRef</key>
			<string>F03AA7FF097642808D822E1A</string>
			<key>isa</key>
			<string>PBXBuildFile</string>
			<key>settings</key>
			<dict/>
		</dict>
		<key>CCFDA3807DEC4502818D5B52</key>
		<dict>
			<key>buildActionMask</key>
			<string>2147483647</string>
			<key>files</key>
			<array/>
			<key>inputPaths</key>
			<array/>
			<key>isa</key>
			<string>PBXShellScriptBuildPhase</string>
			<key>name</key>
			<string>Copy Pods Resources</string>
			<key>outputPaths</key>
			<array/>
			<key>runOnlyForDeploymentPostprocessing</key>
			<string>0</string>
			<key>shellPath</key>
			<string>/bin/sh</string>
			<key>shellScript</key>
			<string>"${SRCROOT}/Pods/Pods-resources.sh"
</string>
			<key>showEnvVarsInLog</key>
			<string>1</string>
		</dict>
		<key>F03AA7FF097642808D822E1A</key>
		<dict>
			<key>explicitFileType</key>
			<string>archive.ar</string>
			<key>includeInIndex</key>
			<string>0</string>
			<key>isa</key>
			<string>PBXFileReference</string>
			<key>name</key>
			<string>libPods.a</string>
			<key>path</key>
			<string>libPods.a</string>
			<key>sourceTree</key>
			<string>BUILT_PRODUCTS_DIR</string>
		</dict>
		<key>F24E5DBB3A5847F7BCC6FD79</key>
		<dict>
			<key>includeInIndex</key>
			<string>1</string>
			<key>isa</key>
			<string>PBXFileReference</string>
			<key>lastKnownFileType</key>
			<string>text.xcconfig</string>
			<key>name</key>
			<string>Pods.xcconfig</string>
			<key>path</key>
			<string>Pods/Pods.xcconfig</string>
			<key>sourceTree</key>
			<string>SOURCE_ROOT</string>
		</dict>
		<key>FBCDA59F164B1634000CF1F2</key>
		<dict>
			<key>children</key>
			<array>
				<string>FBCDA607164B470B000CF1F2</string>
				<string>FBCDA5B4164B1635000CF1F2</string>
				<string>FBCDA5AD164B1635000CF1F2</string>
				<string>FBCDA5AB164B1635000CF1F2</string>
				<string>F24E5DBB3A5847F7BCC6FD79</string>
			</array>
			<key>isa</key>
			<string>PBXGroup</string>
			<key>sourceTree</key>
			<string>&lt;group&gt;</string>
		</dict>
		<key>FBCDA5A1164B1634000CF1F2</key>
		<dict>
			<key>attributes</key>
			<dict>
				<key>LastUpgradeCheck</key>
				<string>0450</string>
				<key>ORGANIZATIONNAME</key>
				<string>Rob Napier</string>
			</dict>
			<key>buildConfigurationList</key>
			<string>FBCDA5A4164B1634000CF1F2</string>
			<key>compatibilityVersion</key>
			<string>Xcode 3.2</string>
			<key>developmentRegion</key>
			<string>English</string>
			<key>hasScannedForEncodings</key>
			<string>0</string>
			<key>isa</key>
			<string>PBXProject</string>
			<key>knownRegions</key>
			<array>
				<string>en</string>
			</array>
			<key>mainGroup</key>
			<string>FBCDA59F164B1634000CF1F2</string>
			<key>productRefGroup</key>
			<string>FBCDA5AB164B1635000CF1F2</string>
			<key>projectDirPath</key>
			<string></string>
			<key>projectReferences</key>
			<array/>
			<key>projectRoot</key>
			<string></string>
			<key>targets</key>
			<array>
				<string>FBCDA5A9164B1634000CF1F2</string>
			</array>
		</dict>
		<key>FBCDA5A4164B1634000CF1F2</key>
		<dict>
			<key>buildConfigurations</key>
			<array>
				<string>FBCDA5CC164B1635000CF1F2</string>
				<string>FBCDA5CD164B1635000CF1F2</string>
			</array>
			<key>defaultConfigurationIsVisible</key>
			<string>0</string>
			<key>defaultConfigurationName</key>
			<string>Release</string>
			<key>isa</key>
			<string>XCConfigurationList</string>
		</dict>
		<key>FBCDA5A6164B1634000CF1F2</key>
		<dict>
			<key>buildActionMask</key>
			<string>2147483647</string>
			<key>files</key>
			<array>
				<string>FBCDA5BB164B1635000CF1F2</string>
				<string>FBCDA5BF164B1635000CF1F2</string>
				<string>FBCDA5CB164B1635000CF1F2</string>
			</array>
			<key>isa</key>
			<string>PBXSourcesBuildPhase</string>
			<key>runOnlyForDeploymentPostprocessing</key>
			<string>0</string>
		</dict>
		<key>FBCDA5A7164B1634000CF1F2</key>
		<dict>
			<key>buildActionMask</key>
			<string>2147483647</string>
			<key>files</key>
			<array>
				<string>FBCDA608164B470B000CF1F2</string>
				<string>FBCDA5AF164B1635000CF1F2</string>
				<string>FBCDA5B1164B1635000CF1F2</string>
				<string>FBCDA5B3164B1635000CF1F2</string>
				<string>7BFCC4C89E834641BF5F68BF</string>
			</array>
			<key>isa</key>
			<string>PBXFrameworksBuildPhase</string>
			<key>runOnlyForDeploymentPostprocessing</key>
			<string>0</string>
		</dict>
		<key>FBCDA5A8164B1634000CF1F2</key>
		<dict>
			<key>buildActionMask</key>
			<string>2147483647</string>
			<key>files</key>
			<array>
				<string>FBCDA5B9164B1635000CF1F2</string>
				<string>FBCDA5C1164B1635000CF1F2</string>
				<string>FBCDA5C3164B1635000CF1F2</string>
				<string>FBCDA5C5164B1635000CF1F2</string>
				<string>FBCDA5C8164B1635000CF1F2</string>
			</array>
			<key>isa</key>
			<string>PBXResourcesBuildPhase</string>
			<key>runOnlyForDeploymentPostprocessing</key>
			<string>0</string>
		</dict>
		<key>FBCDA5A9164B1634000CF1F2</key>
		<dict>
			<key>buildConfigurationList</key>
			<string>FBCDA5CE164B1635000CF1F2</string>
			<key>buildPhases</key>
			<array>
				<string>FBCDA5A6164B1634000CF1F2</string>
				<string>FBCDA5A7164B1634000CF1F2</string>
				<string>FBCDA5A8164B1634000CF1F2</string>
				<string>CCFDA3807DEC4502818D5B52</string>
			</array>
			<key>buildRules</key>
			<array/>
			<key>dependencies</key>
			<array/>
			<key>isa</key>
			<string>PBXNativeTarget</string>
			<key>name</key>
			<string>BeBoldDT</string>
			<key>productName</key>
			<string>BeBold</string>
			<key>productReference</key>
			<string>FBCDA5AA164B1635000CF1F2</string>
			<key>productType</key>
			<string>com.apple.product-type.application</string>
		</dict>
		<key>FBCDA5AA164B1635000CF1F2</key>
		<dict>
			<key>explicitFileType</key>
			<string>wrapper.application</string>
			<key>includeInIndex</key>
			<string>0</string>
			<key>isa</key>
			<string>PBXFileReference</string>
			<key>path</key>
			<string>BeBoldDT.app</string>
			<key>sourceTree</key>
			<string>BUILT_PRODUCTS_DIR</string>
		</dict>
		<key>FBCDA5AB164B1635000CF1F2</key>
		<dict>
			<key>children</key>
			<array>
				<string>FBCDA5AA164B1635000CF1F2</string>
			</array>
			<key>isa</key>
			<string>PBXGroup</string>
			<key>name</key>
			<string>Products</string>
			<key>sourceTree</key>
			<string>&lt;group&gt;</string>
		</dict>
		<key>FBCDA5AD164B1635000CF1F2</key>
		<dict>
			<key>children</key>
			<array>
				<string>FBCDA5AE164B1635000CF1F2</string>
				<string>FBCDA5B0164B1635000CF1F2</string>
				<string>FBCDA5B2164B1635000CF1F2</string>
				<string>F03AA7FF097642808D822E1A</string>
			</array>
			<key>isa</key>
			<string>PBXGroup</string>
			<key>name</key>
			<string>Frameworks</string>
			<key>sourceTree</key>
			<string>&lt;group&gt;</string>
		</dict>
		<key>FBCDA5AE164B1635000CF1F2</key>
		<dict>
			<key>isa</key>
			<string>PBXFileReference</string>
			<key>lastKnownFileType</key>
			<string>wrapper.framework</string>
			<key>name</key>
			<string>UIKit.framework</string>
			<key>path</key>
			<string>System/Library/Frameworks/UIKit.framework</string>
			<key>sourceTree</key>
			<string>SDKROOT</string>
		</dict>
		<key>FBCDA5AF164B1635000CF1F2</key>
		<dict>
			<key>fileRef</key>
			<string>FBCDA5AE164B1635000CF1F2</string>
			<key>isa</key>
			<string>PBXBuildFile</string>
		</dict>
		<key>FBCDA5B0164B1635000CF1F2</key>
		<dict>
			<key>isa</key>
			<string>PBXFileReference</string>
			<key>lastKnownFileType</key>
			<string>wrapper.framework</string>
			<key>name</key>
			<string>Foundation.framework</string>
			<key>path</key>
			<string>System/Library/Frameworks/Foundation.framework</string>
			<key>sourceTree</key>
			<string>SDKROOT</string>
		</dict>
		<key>FBCDA5B1164B1635000CF1F2</key>
		<dict>
			<key>fileRef</key>
			<string>FBCDA5B0164B1635000CF1F2</string>
			<key>isa</key>
			<string>PBXBuildFile</string>
		</dict>
		<key>FBCDA5B2164B1635000CF1F2</key>
		<dict>
			<key>isa</key>
			<string>PBXFileReference</string>
			<key>lastKnownFileType</key>
			<string>wrapper.framework</string>
			<key>name</key>
			<string>CoreGraphics.framework</string>
			<key>path</key>
			<string>System/Library/Frameworks/CoreGraphics.framework</string>
			<key>sourceTree</key>
			<string>SDKROOT</string>
		</dict>
		<key>FBCDA5B3164B1635000CF1F2</key>
		<dict>
			<key>fileRef</key>
			<string>FBCDA5B2164B1635000CF1F2</string>
			<key>isa</key>
			<string>PBXBuildFile</string>
		</dict>
		<key>FBCDA5B4164B1635000CF1F2</key>
		<dict>
			<key>children</key>
			<array>
				<string>FBCDA5BD164B1635000CF1F2</string>
				<string>FBCDA5BE164B1635000CF1F2</string>
				<string>FBCDA5C6164B1635000CF1F2</string>
				<string>FBCDA5C9164B1635000CF1F2</string>
				<string>FBCDA5CA164B1635000CF1F2</string>
				<string>FBCDA5B5164B1635000CF1F2</string>
			</array>
			<key>isa</key>
			<string>PBXGroup</string>
			<key>path</key>
			<string>BeBold</string>
			<key>sourceTree</key>
			<string>&lt;group&gt;</string>
		</dict>
		<key>FBCDA5B5164B1635000CF1F2</key>
		<dict>
			<key>children</key>
			<array>
				<string>FBCDA5B6164B1635000CF1F2</string>
				<string>FBCDA5B7164B1635000CF1F2</string>
				<string>FBCDA5BA164B1635000CF1F2</string>
				<string>FBCDA5BC164B1635000CF1F2</string>
				<string>FBCDA5C0164B1635000CF1F2</string>
				<string>FBCDA5C2164B1635000CF1F2</string>
				<string>FBCDA5C4164B1635000CF1F2</string>
			</array>
			<key>isa</key>
			<string>PBXGroup</string>
			<key>name</key>
			<string>Supporting Files</string>
			<key>sourceTree</key>
			<string>&lt;group&gt;</string>
		</dict>
		<key>FBCDA5B6164B1635000CF1F2</key>
		<dict>
			<key>isa</key>
			<string>PBXFileReference</string>
			<key>lastKnownFileType</key>
			<string>text.plist.xml</string>
			<key>path</key>
			<string>BeBoldDT-Info.plist</string>
			<key>sourceTree</key>
			<string>&lt;group&gt;</string>
		</dict>
		<key>FBCDA5B7164B1635000CF1F2</key>
		<dict>
			<key>children</key>
			<array>
				<string>FBCDA5B8164B1635000CF1F2</string>
			</array>
			<key>isa</key>
			<string>PBXVariantGroup</string>
			<key>name</key>
			<string>InfoPlist.strings</string>
			<key>sourceTree</key>
			<string>&lt;group&gt;</string>
		</dict>
		<key>FBCDA5B8164B1635000CF1F2</key>
		<dict>
			<key>isa</key>
			<string>PBXFileReference</string>
			<key>lastKnownFileType</key>
			<string>text.plist.strings</string>
			<key>name</key>
			<string>en</string>
			<key>path</key>
			<string>en.lproj/InfoPlist.strings</string>
			<key>sourceTree</key>
			<string>&lt;group&gt;</string>
		</dict>
		<key>FBCDA5B9164B1635000CF1F2</key>
		<dict>
			<key>fileRef</key>
			<string>FBCDA5B7164B1635000CF1F2</string>
			<key>isa</key>
			<string>PBXBuildFile</string>
		</dict>
		<key>FBCDA5BA164B1635000CF1F2</key>
		<dict>
			<key>isa</key>
			<string>PBXFileReference</string>
			<key>lastKnownFileType</key>
			<string>sourcecode.c.objc</string>
			<key>path</key>
			<string>main.m</string>
			<key>sourceTree</key>
			<string>&lt;group&gt;</string>
		</dict>
		<key>FBCDA5BB164B1635000CF1F2</key>
		<dict>
			<key>fileRef</key>
			<string>FBCDA5BA164B1635000CF1F2</string>
			<key>isa</key>
			<string>PBXBuildFile</string>
		</dict>
		<key>FBCDA5BC164B1635000CF1F2</key>
		<dict>
			<key>isa</key>
			<string>PBXFileReference</string>
			<key>lastKnownFileType</key>
			<string>sourcecode.c.h</string>
			<key>path</key>
			<string>BeBoldDT-Prefix.pch</string>
			<key>sourceTree</key>
			<string>&lt;group&gt;</string>
		</dict>
		<key>FBCDA5BD164B1635000CF1F2</key>
		<dict>
			<key>isa</key>
			<string>PBXFileReference</string>
			<key>lastKnownFileType</key>
			<string>sourcecode.c.h</string>
			<key>path</key>
			<string>AppDelegate.h</string>
			<key>sourceTree</key>
			<string>&lt;group&gt;</string>
		</dict>
		<key>FBCDA5BE164B1635000CF1F2</key>
		<dict>
			<key>isa</key>
			<string>PBXFileReference</string>
			<key>lastKnownFileType</key>
			<string>sourcecode.c.objc</string>
			<key>path</key>
			<string>AppDelegate.m</string>
			<key>sourceTree</key>
			<string>&lt;group&gt;</string>
		</dict>
		<key>FBCDA5BF164B1635000CF1F2</key>
		<dict>
			<key>fileRef</key>
			<string>FBCDA5BE164B1635000CF1F2</string>
			<key>isa</key>
			<string>PBXBuildFile</string>
		</dict>
		<key>FBCDA5C0164B1635000CF1F2</key>
		<dict>
			<key>isa</key>
			<string>PBXFileReference</string>
			<key>lastKnownFileType</key>
			<string>image.png</string>
			<key>path</key>
			<string>Default.png</string>
			<key>sourceTree</key>
			<string>&lt;group&gt;</string>
		</dict>
		<key>FBCDA5C1164B1635000CF1F2</key>
		<dict>
			<key>fileRef</key>
			<string>FBCDA5C0164B1635000CF1F2</string>
			<key>isa</key>
			<string>PBXBuildFile</string>
		</dict>
		<key>FBCDA5C2164B1635000CF1F2</key>
		<dict>
			<key>isa</key>
			<string>PBXFileReference</string>
			<key>lastKnownFileType</key>
			<string>image.png</string>
			<key>path</key>
			<string>Default@2x.png</string>
			<key>sourceTree</key>
			<string>&lt;group&gt;</string>
		</dict>
		<key>FBCDA5C3164B1635000CF1F2</key>
		<dict>
			<key>fileRef</key>
			<string>FBCDA5C2164B1635000CF1F2</string>
			<key>isa</key>
			<string>PBXBuildFile</string>
		</dict>
		<key>FBCDA5C4164B1635000CF1F2</key>
		<dict>
			<key>isa</key>
			<string>PBXFileReference</string>
			<key>lastKnownFileType</key>
			<string>image.png</string>
			<key>path</key>
			<string>Default-568h@2x.png</string>
			<key>sourceTree</key>
			<string>&lt;group&gt;</string>
		</dict>
		<key>FBCDA5C5164B1635000CF1F2</key>
		<dict>
			<key>fileRef</key>
			<string>FBCDA5C4164B1635000CF1F2</string>
			<key>isa</key>
			<string>PBXBuildFile</string>
		</dict>
		<key>FBCDA5C6164B1635000CF1F2</key>
		<dict>
			<key>children</key>
			<array>
				<string>FBCDA5C7164B1635000CF1F2</string>
			</array>
			<key>isa</key>
			<string>PBXVariantGroup</string>
			<key>name</key>
			<string>MainStoryboard.storyboard</string>
			<key>sourceTree</key>
			<string>&lt;group&gt;</string>
		</dict>
		<key>FBCDA5C7164B1635000CF1F2</key>
		<dict>
			<key>isa</key>
			<string>PBXFileReference</string>
			<key>lastKnownFileType</key>
			<string>file.storyboard</string>
			<key>name</key>
			<string>en</string>
			<key>path</key>
			<string>en.lproj/MainStoryboard.storyboard</string>
			<key>sourceTree</key>
			<string>&lt;group&gt;</string>
		</dict>
		<key>FBCDA5C8164B1635000CF1F2</key>
		<dict>
			<key>fileRef</key>
			<string>FBCDA5C6164B1635000CF1F2</string>
			<key>isa</key>
			<string>PBXBuildFile</string>
		</dict>
		<key>FBCDA5C9164B1635000CF1F2</key>
		<dict>
			<key>isa</key>
			<string>PBXFileReference</string>
			<key>lastKnownFileType</key>
			<string>sourcecode.c.h</string>
			<key>path</key>
			<string>ViewController.h</string>
			<key>sourceTree</key>
			<string>&lt;group&gt;</string>
		</dict>
		<key>FBCDA5CA164B1635000CF1F2</key>
		<dict>
			<key>isa</key>
			<string>PBXFileReference</string>
			<key>lastKnownFileType</key>
			<string>sourcecode.c.objc</string>
			<key>path</key>
			<string>ViewController.m</string>
			<key>sourceTree</key>
			<string>&lt;group&gt;</string>
		</dict>
		<key>FBCDA5CB164B1635000CF1F2</key>
		<dict>
			<key>fileRef</key>
			<string>FBCDA5CA164B1635000CF1F2</string>
			<key>isa</key>
			<string>PBXBuildFile</string>
		</dict>
		<key>FBCDA5CC164B1635000CF1F2</key>
		<dict>
			<key>buildSettings</key>
			<dict>
				<key>ALWAYS_SEARCH_USER_PATHS</key>
				<string>NO</string>
				<key>CLANG_CXX_LANGUAGE_STANDARD</key>
				<string>gnu++0x</string>
				<key>CLANG_CXX_LIBRARY</key>
				<string>libc++</string>
				<key>CLANG_ENABLE_OBJC_ARC</key>
				<string>YES</string>
				<key>CLANG_WARN_EMPTY_BODY</key>
				<string>YES</string>
				<key>CLANG_WARN__DUPLICATE_METHOD_MATCH</key>
				<string>YES</string>
				<key>CODE_SIGN_IDENTITY[sdk=iphoneos*]</key>
				<string>iPhone Developer</string>
				<key>COPY_PHASE_STRIP</key>
				<string>NO</string>
				<key>GCC_C_LANGUAGE_STANDARD</key>
				<string>gnu99</string>
				<key>GCC_DYNAMIC_NO_PIC</key>
				<string>NO</string>
				<key>GCC_OPTIMIZATION_LEVEL</key>
				<string>0</string>
				<key>GCC_PREPROCESSOR_DEFINITIONS</key>
				<array>
					<string>DEBUG=1</string>
					<string>$(inherited)</string>
				</array>
				<key>GCC_SYMBOLS_PRIVATE_EXTERN</key>
				<string>NO</string>
				<key>GCC_WARN_ABOUT_RETURN_TYPE</key>
				<string>YES</string>
				<key>GCC_WARN_UNINITIALIZED_AUTOS</key>
				<string>YES</string>
				<key>GCC_WARN_UNUSED_VARIABLE</key>
				<string>YES</string>
				<key>IPHONEOS_DEPLOYMENT_TARGET</key>
				<string>6.0</string>
				<key>ONLY_ACTIVE_ARCH</key>
				<string>YES</string>
				<key>SDKROOT</key>
				<string>iphoneos</string>
				<key>TARGETED_DEVICE_FAMILY</key>
				<string>2</string>
			</dict>
			<key>isa</key>
			<string>XCBuildConfiguration</string>
			<key>name</key>
			<string>Debug</string>
		</dict>
		<key>FBCDA5CD164B1635000CF1F2</key>
		<dict>
			<key>buildSettings</key>
			<dict>
				<key>ALWAYS_SEARCH_USER_PATHS</key>
				<string>NO</string>
				<key>CLANG_CXX_LANGUAGE_STANDARD</key>
				<string>gnu++0x</string>
				<key>CLANG_CXX_LIBRARY</key>
				<string>libc++</string>
				<key>CLANG_ENABLE_OBJC_ARC</key>
				<string>YES</string>
				<key>CLANG_WARN_EMPTY_BODY</key>
				<string>YES</string>
				<key>CLANG_WARN__DUPLICATE_METHOD_MATCH</key>
				<string>YES</string>
				<key>CODE_SIGN_IDENTITY[sdk=iphoneos*]</key>
				<string>iPhone Developer</string>
				<key>COPY_PHASE_STRIP</key>
				<string>YES</string>
				<key>GCC_C_LANGUAGE_STANDARD</key>
				<string>gnu99</string>
				<key>GCC_WARN_ABOUT_RETURN_TYPE</key>
				<string>YES</string>
				<key>GCC_WARN_UNINITIALIZED_AUTOS</key>
				<string>YES</string>
				<key>GCC_WARN_UNUSED_VARIABLE</key>
				<string>YES</string>
				<key>IPHONEOS_DEPLOYMENT_TARGET</key>
				<string>6.0</string>
				<key>OTHER_CFLAGS</key>
				<string>-DNS_BLOCK_ASSERTIONS=1</string>
				<key>SDKROOT</key>
				<string>iphoneos</string>
				<key>TARGETED_DEVICE_FAMILY</key>
				<string>2</string>
				<key>VALIDATE_PRODUCT</key>
				<string>YES</string>
			</dict>
			<key>isa</key>
			<string>XCBuildConfiguration</string>
			<key>name</key>
			<string>Release</string>
		</dict>
		<key>FBCDA5CE164B1635000CF1F2</key>
		<dict>
			<key>buildConfigurations</key>
			<array>
				<string>FBCDA5CF164B1635000CF1F2</string>
				<string>FBCDA5D0164B1635000CF1F2</string>
			</array>
			<key>defaultConfigurationIsVisible</key>
			<string>0</string>
			<key>defaultConfigurationName</key>
			<string>Release</string>
			<key>isa</key>
			<string>XCConfigurationList</string>
		</dict>
		<key>FBCDA5CF164B1635000CF1F2</key>
		<dict>
			<key>baseConfigurationReference</key>
			<string>F24E5DBB3A5847F7BCC6FD79</string>
			<key>buildSettings</key>
			<dict>
				<key>GCC_PRECOMPILE_PREFIX_HEADER</key>
				<string>YES</string>
				<key>GCC_PREFIX_HEADER</key>
				<string>BeBold/BeBoldDT-Prefix.pch</string>
				<key>INFOPLIST_FILE</key>
				<string>BeBold/BeBoldDT-Info.plist</string>
				<key>PRODUCT_NAME</key>
				<string>BeBoldDT</string>
				<key>WRAPPER_EXTENSION</key>
				<string>app</string>
			</dict>
			<key>isa</key>
			<string>XCBuildConfiguration</string>
			<key>name</key>
			<string>Debug</string>
		</dict>
		<key>FBCDA5D0164B1635000CF1F2</key>
		<dict>
			<key>baseConfigurationReference</key>
			<string>F24E5DBB3A5847F7BCC6FD79</string>
			<key>buildSettings</key>
			<dict>
				<key>GCC_PRECOMPILE_PREFIX_HEADER</key>
				<string>YES</string>
				<key>GCC_PREFIX_HEADER</key>
				<string>BeBold/BeBoldDT-Prefix.pch</string>
				<key>INFOPLIST_FILE</key>
				<string>BeBold/BeBoldDT-Info.plist</string>
				<key>PRODUCT_NAME</key>
				<string>BeBoldDT</string>
				<key>WRAPPER_EXTENSION</key>
				<string>app</string>
			</dict>
			<key>isa</key>
			<string>XCBuildConfiguration</string>
			<key>name</key>
			<string>Release</string>
		</dict>
		<key>FBCDA607164B470B000CF1F2</key>
		<dict>
			<key>isa</key>
			<string>PBXFileReference</string>
			<key>lastKnownFileType</key>
			<string>wrapper.framework</string>
			<key>name</key>
			<string>CoreText.framework</string>
			<key>path</key>
			<string>System/Library/Frameworks/CoreText.framework</string>
			<key>sourceTree</key>
			<string>SDKROOT</string>
		</dict>
		<key>FBCDA608164B470B000CF1F2</key>
		<dict>
			<key>fileRef</key>
			<string>FBCDA607164B470B000CF1F2</string>
			<key>isa</key>
			<string>PBXBuildFile</string>
		</dict>
	</dict>
	<key>rootObject</key>
	<string>FBCDA5A1164B1634000CF1F2</string>
</dict>
</plist>
